
Microsoft Visual Studio Solution File, Format Version 12.00
# Visual Studio Version 17
VisualStudioVersion = 17.13.35825.156
MinimumVisualStudioVersion = 10.0.40219.1
Project("{FAE04EC0-301F-11D3-BF4B-00C04F79EFBC}") = "Dashboard", "Dashboard\Dashboard.csproj", "{A34024B7-6B60-45AD-B823-064299511263}"
EndProject
Global
	GlobalSection(SolutionConfigurationPlatforms) = preSolution
		Debug|Any CPU = Debug|Any CPU
		Release|Any CPU = Release|Any CPU
	EndGlobalSection
	GlobalSection(ProjectConfigurationPlatforms) = postSolution
		{A34024B7-6B60-45AD-B823-064299511263}.Debug|Any CPU.ActiveCfg = Debug|Any CPU
		{A34024B7-6B60-45AD-B823-064299511263}.Debug|Any CPU.Build.0 = Debug|Any CPU
		{A34024B7-6B60-45AD-B823-064299511263}.Release|Any CPU.ActiveCfg = Release|Any CPU
		{A34024B7-6B60-45AD-B823-064299511263}.Release|Any CPU.Build.0 = Release|Any CPU
	EndGlobalSection
	GlobalSection(SolutionProperties) = preSolution
		HideSolutionNode = FALSE
	EndGlobalSection
	GlobalSection(ExtensibilityGlobals) = postSolution
		SolutionGuid = {5B3B4BF8-59B8-4049-AF17-0D19A6FEA3F7}
	EndGlobalSection
EndGlobal
